// !$*UTF8*$!
{
	archiveVersion = 1;
	classes = {
	};
	objectVersion = 48;
	objects = {

/* Begin PBXBuildFile section */
		64161F131FD9A22800DC25CF /* AngleTool.swift in Sources */ = {isa = PBXBuildFile; fileRef = 64161F121FD9A22800DC25CF /* AngleTool.swift */; };
		64161F151FDA107800DC25CF /* Imaging.swift in Sources */ = {isa = PBXBuildFile; fileRef = 64161F141FDA107800DC25CF /* Imaging.swift */; };
		64161F171FDB09A700DC25CF /* GestureScrollView.swift in Sources */ = {isa = PBXBuildFile; fileRef = 64161F161FDB09A700DC25CF /* GestureScrollView.swift */; };
		6426B9C31FC5F8EC00D81163 /* MeasurementTableViewController.swift in Sources */ = {isa = PBXBuildFile; fileRef = 6426B9C21FC5F8EC00D81163 /* MeasurementTableViewController.swift */; };
		6426B9CB1FC602C800D81163 /* MeasurementCell.swift in Sources */ = {isa = PBXBuildFile; fileRef = 6426B9CA1FC602C800D81163 /* MeasurementCell.swift */; };
		645C758D1FD1DAA800053C4F /* Bodyflex.xcdatamodeld in Sources */ = {isa = PBXBuildFile; fileRef = 645C758B1FD1DAA800053C4F /* Bodyflex.xcdatamodeld */; };
		64613C001FC65CDE00362CBD /* SelectJointViewController.swift in Sources */ = {isa = PBXBuildFile; fileRef = 64613BFF1FC65CDE00362CBD /* SelectJointViewController.swift */; };
		64923DA620195058004E9A7E /* Ankle Lower Foot.png in Resources */ = {isa = PBXBuildFile; fileRef = 64923DA520195057004E9A7E /* Ankle Lower Foot.png */; };
		64923DA820195061004E9A7E /* Ankle Raise Foot.png in Resources */ = {isa = PBXBuildFile; fileRef = 64923DA720195061004E9A7E /* Ankle Raise Foot.png */; };
		64A01D121FFEA162007A6C58 /* MeasurementCollectionViewController.swift in Sources */ = {isa = PBXBuildFile; fileRef = 64A01D111FFEA162007A6C58 /* MeasurementCollectionViewController.swift */; };
		64A01D141FFEA469007A6C58 /* MeasurementCollectionCell.swift in Sources */ = {isa = PBXBuildFile; fileRef = 64A01D131FFEA469007A6C58 /* MeasurementCollectionCell.swift */; };
		64A01D161FFEF6CD007A6C58 /* Measurements.swift in Sources */ = {isa = PBXBuildFile; fileRef = 64A01D151FFEF6CD007A6C58 /* Measurements.swift */; };
		64A01D181FFEFB45007A6C58 /* PersistencyManager.swift in Sources */ = {isa = PBXBuildFile; fileRef = 64A01D171FFEFB45007A6C58 /* PersistencyManager.swift */; };
		64A0BCB6201A48A700F63E3C /* JointCell.swift in Sources */ = {isa = PBXBuildFile; fileRef = 64A0BCB5201A48A700F63E3C /* JointCell.swift */; };
		64A0BCB8201A4B0200F63E3C /* MotionCell.swift in Sources */ = {isa = PBXBuildFile; fileRef = 64A0BCB7201A4B0200F63E3C /* MotionCell.swift */; };
		64A0BCBA201A4B4200F63E3C /* SideCell.swift in Sources */ = {isa = PBXBuildFile; fileRef = 64A0BCB9201A4B4200F63E3C /* SideCell.swift */; };
		64A4322C1FBD141A005D2FC2 /* AppDelegate.swift in Sources */ = {isa = PBXBuildFile; fileRef = 64A4322B1FBD141A005D2FC2 /* AppDelegate.swift */; };
		64A4322E1FBD141A005D2FC2 /* MeasureAngleViewController.swift in Sources */ = {isa = PBXBuildFile; fileRef = 64A4322D1FBD141A005D2FC2 /* MeasureAngleViewController.swift */; };
		64A432311FBD141A005D2FC2 /* Main.storyboard in Resources */ = {isa = PBXBuildFile; fileRef = 64A4322F1FBD141A005D2FC2 /* Main.storyboard */; };
		64A432331FBD141A005D2FC2 /* Assets.xcassets in Resources */ = {isa = PBXBuildFile; fileRef = 64A432321FBD141A005D2FC2 /* Assets.xcassets */; };
		64A432361FBD141A005D2FC2 /* LaunchScreen.storyboard in Resources */ = {isa = PBXBuildFile; fileRef = 64A432341FBD141A005D2FC2 /* LaunchScreen.storyboard */; };
		64A432411FBD141B005D2FC2 /* BodyflexTests.swift in Sources */ = {isa = PBXBuildFile; fileRef = 64A432401FBD141B005D2FC2 /* BodyflexTests.swift */; };
		64A4324C1FBD141B005D2FC2 /* BodyflexUITests.swift in Sources */ = {isa = PBXBuildFile; fileRef = 64A4324B1FBD141B005D2FC2 /* BodyflexUITests.swift */; };
		64A7FAD2201645AF00079646 /* AngleToolDrawing.swift in Sources */ = {isa = PBXBuildFile; fileRef = 64A7FAD1201645AF00079646 /* AngleToolDrawing.swift */; };
		64B58AE01FF0047000B64631 /* BodyJoints.swift in Sources */ = {isa = PBXBuildFile; fileRef = 64B58ADF1FF0046F00B64631 /* BodyJoints.swift */; };
		64B5CBE32020DD0600DB848B /* AngleToolLabels.swift in Sources */ = {isa = PBXBuildFile; fileRef = 64B5CBE22020DD0600DB848B /* AngleToolLabels.swift */; };
		64B5CBE9202369D400DB848B /* Hip Leg In.png in Resources */ = {isa = PBXBuildFile; fileRef = 64B5CBE4202369CF00DB848B /* Hip Leg In.png */; };
		64B5CBEA202369D400DB848B /* Forearm Palm Up.png in Resources */ = {isa = PBXBuildFile; fileRef = 64B5CBE5202369D200DB848B /* Forearm Palm Up.png */; };
		64B5CBEB202369D400DB848B /* Wrist Hand Raised.png in Resources */ = {isa = PBXBuildFile; fileRef = 64B5CBE6202369D300DB848B /* Wrist Hand Raised.png */; };
		64B5CBEC202369D400DB848B /* Hip Leg Out.png in Resources */ = {isa = PBXBuildFile; fileRef = 64B5CBE7202369D300DB848B /* Hip Leg Out.png */; };
		64B5CBED202369D400DB848B /* Wrist Hand Lowered.png in Resources */ = {isa = PBXBuildFile; fileRef = 64B5CBE8202369D400DB848B /* Wrist Hand Lowered.png */; };
		64C06421202687CE00897EF1 /* Shoulder Bent Arm Raise.png in Resources */ = {isa = PBXBuildFile; fileRef = 64C0641F202687CD00897EF1 /* Shoulder Bent Arm Raise.png */; };
		64C06422202687CE00897EF1 /* Shoulder Bent Arm Lower.png in Resources */ = {isa = PBXBuildFile; fileRef = 64C06420202687CE00897EF1 /* Shoulder Bent Arm Lower.png */; };
		64C06424202697AF00897EF1 /* Forearm Palm Down.png in Resources */ = {isa = PBXBuildFile; fileRef = 64C06423202697AE00897EF1 /* Forearm Palm Down.png */; };
		64C064272026A3A100897EF1 /* Neck Head Back.png in Resources */ = {isa = PBXBuildFile; fileRef = 64C064252026A3A100897EF1 /* Neck Head Back.png */; };
		64C064282026A3A100897EF1 /* Neck Head Forward.png in Resources */ = {isa = PBXBuildFile; fileRef = 64C064262026A3A100897EF1 /* Neck Head Forward.png */; };
		64C0642B20278AEF00897EF1 /* Wrist Hand In.png in Resources */ = {isa = PBXBuildFile; fileRef = 64C0642920278AEF00897EF1 /* Wrist Hand In.png */; };
		64C0642C20278AEF00897EF1 /* Wrist Hand Out.png in Resources */ = {isa = PBXBuildFile; fileRef = 64C0642A20278AEF00897EF1 /* Wrist Hand Out.png */; };
		64E626AE1FCC75A20068879F /* JointPickerViewController.swift in Sources */ = {isa = PBXBuildFile; fileRef = 64E626AD1FCC75A20068879F /* JointPickerViewController.swift */; };
		64E626B01FCDEB4F0068879F /* MotionPickerViewController.swift in Sources */ = {isa = PBXBuildFile; fileRef = 64E626AF1FCDEB4F0068879F /* MotionPickerViewController.swift */; };
/* End PBXBuildFile section */

/* Begin PBXContainerItemProxy section */
		64A4323D1FBD141B005D2FC2 /* PBXContainerItemProxy */ = {
			isa = PBXContainerItemProxy;
			containerPortal = 64A432201FBD141A005D2FC2 /* Project object */;
			proxyType = 1;
			remoteGlobalIDString = 64A432271FBD141A005D2FC2;
			remoteInfo = Bodyflex;
		};
		64A432481FBD141B005D2FC2 /* PBXContainerItemProxy */ = {
			isa = PBXContainerItemProxy;
			containerPortal = 64A432201FBD141A005D2FC2 /* Project object */;
			proxyType = 1;
			remoteGlobalIDString = 64A432271FBD141A005D2FC2;
			remoteInfo = Bodyflex;
		};
/* End PBXContainerItemProxy section */

/* Begin PBXFileReference section */
		64161F121FD9A22800DC25CF /* AngleTool.swift */ = {isa = PBXFileReference; lastKnownFileType = sourcecode.swift; path = AngleTool.swift; sourceTree = "<group>"; };
		64161F141FDA107800DC25CF /* Imaging.swift */ = {isa = PBXFileReference; lastKnownFileType = sourcecode.swift; path = Imaging.swift; sourceTree = "<group>"; };
		64161F161FDB09A700DC25CF /* GestureScrollView.swift */ = {isa = PBXFileReference; lastKnownFileType = sourcecode.swift; path = GestureScrollView.swift; sourceTree = "<group>"; };
		6426B9C21FC5F8EC00D81163 /* MeasurementTableViewController.swift */ = {isa = PBXFileReference; lastKnownFileType = sourcecode.swift; path = MeasurementTableViewController.swift; sourceTree = "<group>"; };
		6426B9CA1FC602C800D81163 /* MeasurementCell.swift */ = {isa = PBXFileReference; lastKnownFileType = sourcecode.swift; path = MeasurementCell.swift; sourceTree = "<group>"; };
		645C758C1FD1DAA800053C4F /* Bodyflex.xcdatamodel */ = {isa = PBXFileReference; lastKnownFileType = wrapper.xcdatamodel; path = Bodyflex.xcdatamodel; sourceTree = "<group>"; };
		64613BFF1FC65CDE00362CBD /* SelectJointViewController.swift */ = {isa = PBXFileReference; lastKnownFileType = sourcecode.swift; path = SelectJointViewController.swift; sourceTree = "<group>"; };
		64923DA520195057004E9A7E /* Ankle Lower Foot.png */ = {isa = PBXFileReference; lastKnownFileType = image.png; path = "Ankle Lower Foot.png"; sourceTree = "<group>"; };
		64923DA720195061004E9A7E /* Ankle Raise Foot.png */ = {isa = PBXFileReference; lastKnownFileType = image.png; name = "Ankle Raise Foot.png"; path = "Bodyflex/JointImages/Ankle Raise Foot.png"; sourceTree = SOURCE_ROOT; };
		64A01D111FFEA162007A6C58 /* MeasurementCollectionViewController.swift */ = {isa = PBXFileReference; lastKnownFileType = sourcecode.swift; path = MeasurementCollectionViewController.swift; sourceTree = "<group>"; };
		64A01D131FFEA469007A6C58 /* MeasurementCollectionCell.swift */ = {isa = PBXFileReference; lastKnownFileType = sourcecode.swift; path = MeasurementCollectionCell.swift; sourceTree = "<group>"; };
		64A01D151FFEF6CD007A6C58 /* Measurements.swift */ = {isa = PBXFileReference; lastKnownFileType = sourcecode.swift; path = Measurements.swift; sourceTree = "<group>"; };
		64A01D171FFEFB45007A6C58 /* PersistencyManager.swift */ = {isa = PBXFileReference; lastKnownFileType = sourcecode.swift; path = PersistencyManager.swift; sourceTree = "<group>"; };
		64A0BCB5201A48A700F63E3C /* JointCell.swift */ = {isa = PBXFileReference; lastKnownFileType = sourcecode.swift; path = JointCell.swift; sourceTree = "<group>"; };
		64A0BCB7201A4B0200F63E3C /* MotionCell.swift */ = {isa = PBXFileReference; lastKnownFileType = sourcecode.swift; path = MotionCell.swift; sourceTree = "<group>"; };
		64A0BCB9201A4B4200F63E3C /* SideCell.swift */ = {isa = PBXFileReference; lastKnownFileType = sourcecode.swift; path = SideCell.swift; sourceTree = "<group>"; };
		64A432281FBD141A005D2FC2 /* Bodyflex.app */ = {isa = PBXFileReference; explicitFileType = wrapper.application; includeInIndex = 0; path = Bodyflex.app; sourceTree = BUILT_PRODUCTS_DIR; };
		64A4322B1FBD141A005D2FC2 /* AppDelegate.swift */ = {isa = PBXFileReference; lastKnownFileType = sourcecode.swift; path = AppDelegate.swift; sourceTree = "<group>"; };
		64A4322D1FBD141A005D2FC2 /* MeasureAngleViewController.swift */ = {isa = PBXFileReference; lastKnownFileType = sourcecode.swift; path = MeasureAngleViewController.swift; sourceTree = "<group>"; };
		64A432301FBD141A005D2FC2 /* Base */ = {isa = PBXFileReference; lastKnownFileType = file.storyboard; name = Base; path = Base.lproj/Main.storyboard; sourceTree = "<group>"; };
		64A432321FBD141A005D2FC2 /* Assets.xcassets */ = {isa = PBXFileReference; lastKnownFileType = folder.assetcatalog; path = Assets.xcassets; sourceTree = "<group>"; };
		64A432351FBD141A005D2FC2 /* Base */ = {isa = PBXFileReference; lastKnownFileType = file.storyboard; name = Base; path = Base.lproj/LaunchScreen.storyboard; sourceTree = "<group>"; };
		64A432371FBD141A005D2FC2 /* Info.plist */ = {isa = PBXFileReference; lastKnownFileType = text.plist.xml; path = Info.plist; sourceTree = "<group>"; };
		64A4323C1FBD141B005D2FC2 /* BodyflexTests.xctest */ = {isa = PBXFileReference; explicitFileType = wrapper.cfbundle; includeInIndex = 0; path = BodyflexTests.xctest; sourceTree = BUILT_PRODUCTS_DIR; };
		64A432401FBD141B005D2FC2 /* BodyflexTests.swift */ = {isa = PBXFileReference; lastKnownFileType = sourcecode.swift; path = BodyflexTests.swift; sourceTree = "<group>"; };
		64A432421FBD141B005D2FC2 /* Info.plist */ = {isa = PBXFileReference; lastKnownFileType = text.plist.xml; path = Info.plist; sourceTree = "<group>"; };
		64A432471FBD141B005D2FC2 /* BodyflexUITests.xctest */ = {isa = PBXFileReference; explicitFileType = wrapper.cfbundle; includeInIndex = 0; path = BodyflexUITests.xctest; sourceTree = BUILT_PRODUCTS_DIR; };
		64A4324B1FBD141B005D2FC2 /* BodyflexUITests.swift */ = {isa = PBXFileReference; lastKnownFileType = sourcecode.swift; path = BodyflexUITests.swift; sourceTree = "<group>"; };
		64A4324D1FBD141B005D2FC2 /* Info.plist */ = {isa = PBXFileReference; lastKnownFileType = text.plist.xml; path = Info.plist; sourceTree = "<group>"; };
		64A7FAD1201645AF00079646 /* AngleToolDrawing.swift */ = {isa = PBXFileReference; lastKnownFileType = sourcecode.swift; path = AngleToolDrawing.swift; sourceTree = "<group>"; };
		64B58ADF1FF0046F00B64631 /* BodyJoints.swift */ = {isa = PBXFileReference; lastKnownFileType = sourcecode.swift; path = BodyJoints.swift; sourceTree = "<group>"; };
		64B5CBE22020DD0600DB848B /* AngleToolLabels.swift */ = {isa = PBXFileReference; lastKnownFileType = sourcecode.swift; path = AngleToolLabels.swift; sourceTree = "<group>"; };
		64B5CBE4202369CF00DB848B /* Hip Leg In.png */ = {isa = PBXFileReference; lastKnownFileType = image.png; path = "Hip Leg In.png"; sourceTree = "<group>"; };
		64B5CBE5202369D200DB848B /* Forearm Palm Up.png */ = {isa = PBXFileReference; lastKnownFileType = image.png; path = "Forearm Palm Up.png"; sourceTree = "<group>"; };
		64B5CBE6202369D300DB848B /* Wrist Hand Raised.png */ = {isa = PBXFileReference; lastKnownFileType = image.png; path = "Wrist Hand Raised.png"; sourceTree = "<group>"; };
		64B5CBE7202369D300DB848B /* Hip Leg Out.png */ = {isa = PBXFileReference; lastKnownFileType = image.png; path = "Hip Leg Out.png"; sourceTree = "<group>"; };
		64B5CBE8202369D400DB848B /* Wrist Hand Lowered.png */ = {isa = PBXFileReference; lastKnownFileType = image.png; path = "Wrist Hand Lowered.png"; sourceTree = "<group>"; };
		64C0641F202687CD00897EF1 /* Shoulder Bent Arm Raise.png */ = {isa = PBXFileReference; lastKnownFileType = image.png; path = "Shoulder Bent Arm Raise.png"; sourceTree = "<group>"; };
		64C06420202687CE00897EF1 /* Shoulder Bent Arm Lower.png */ = {isa = PBXFileReference; lastKnownFileType = image.png; path = "Shoulder Bent Arm Lower.png"; sourceTree = "<group>"; };
		64C06423202697AE00897EF1 /* Forearm Palm Down.png */ = {isa = PBXFileReference; lastKnownFileType = image.png; path = "Forearm Palm Down.png"; sourceTree = "<group>"; };
		64C064252026A3A100897EF1 /* Neck Head Back.png */ = {isa = PBXFileReference; lastKnownFileType = image.png; path = "Neck Head Back.png"; sourceTree = "<group>"; };
		64C064262026A3A100897EF1 /* Neck Head Forward.png */ = {isa = PBXFileReference; lastKnownFileType = image.png; path = "Neck Head Forward.png"; sourceTree = "<group>"; };
		64C0642920278AEF00897EF1 /* Wrist Hand In.png */ = {isa = PBXFileReference; lastKnownFileType = image.png; path = "Wrist Hand In.png"; sourceTree = "<group>"; };
		64C0642A20278AEF00897EF1 /* Wrist Hand Out.png */ = {isa = PBXFileReference; lastKnownFileType = image.png; path = "Wrist Hand Out.png"; sourceTree = "<group>"; };
		64E626AD1FCC75A20068879F /* JointPickerViewController.swift */ = {isa = PBXFileReference; lastKnownFileType = sourcecode.swift; path = JointPickerViewController.swift; sourceTree = "<group>"; };
		64E626AF1FCDEB4F0068879F /* MotionPickerViewController.swift */ = {isa = PBXFileReference; lastKnownFileType = sourcecode.swift; path = MotionPickerViewController.swift; sourceTree = "<group>"; };
/* End PBXFileReference section */

/* Begin PBXFrameworksBuildPhase section */
		64A432251FBD141A005D2FC2 /* Frameworks */ = {
			isa = PBXFrameworksBuildPhase;
			buildActionMask = 2147483647;
			files = (
			);
			runOnlyForDeploymentPostprocessing = 0;
		};
		64A432391FBD141B005D2FC2 /* Frameworks */ = {
			isa = PBXFrameworksBuildPhase;
			buildActionMask = 2147483647;
			files = (
			);
			runOnlyForDeploymentPostprocessing = 0;
		};
		64A432441FBD141B005D2FC2 /* Frameworks */ = {
			isa = PBXFrameworksBuildPhase;
			buildActionMask = 2147483647;
			files = (
			);
			runOnlyForDeploymentPostprocessing = 0;
		};
/* End PBXFrameworksBuildPhase section */

/* Begin PBXGroup section */
		645C75661FD0814F00053C4F /* Model */ = {
			isa = PBXGroup;
			children = (
				645C758B1FD1DAA800053C4F /* Bodyflex.xcdatamodeld */,
				64161F141FDA107800DC25CF /* Imaging.swift */,
				64B58ADF1FF0046F00B64631 /* BodyJoints.swift */,
				64A01D151FFEF6CD007A6C58 /* Measurements.swift */,
				64A01D171FFEFB45007A6C58 /* PersistencyManager.swift */,
			);
			path = Model;
			sourceTree = "<group>";
		};
		64923DA42019501B004E9A7E /* JointImages */ = {
			isa = PBXGroup;
			children = (
				64B5CBE5202369D200DB848B /* Forearm Palm Up.png */,
				64B5CBE4202369CF00DB848B /* Hip Leg In.png */,
				64B5CBE7202369D300DB848B /* Hip Leg Out.png */,
				64C06420202687CE00897EF1 /* Shoulder Bent Arm Lower.png */,
				64C0641F202687CD00897EF1 /* Shoulder Bent Arm Raise.png */,
				64B5CBE8202369D400DB848B /* Wrist Hand Lowered.png */,
				64C06423202697AE00897EF1 /* Forearm Palm Down.png */,
				64C0642920278AEF00897EF1 /* Wrist Hand In.png */,
				64C0642A20278AEF00897EF1 /* Wrist Hand Out.png */,
				64C064252026A3A100897EF1 /* Neck Head Back.png */,
				64C064262026A3A100897EF1 /* Neck Head Forward.png */,
				64B5CBE6202369D300DB848B /* Wrist Hand Raised.png */,
				64923DA720195061004E9A7E /* Ankle Raise Foot.png */,
				64923DA520195057004E9A7E /* Ankle Lower Foot.png */,
			);
			name = JointImages;
			path = Bodyflex/JointImages;
			sourceTree = SOURCE_ROOT;
		};
		64A4321F1FBD141A005D2FC2 = {
			isa = PBXGroup;
			children = (
				64A4322A1FBD141A005D2FC2 /* Bodyflex */,
				64A4323F1FBD141B005D2FC2 /* BodyflexTests */,
				64A4324A1FBD141B005D2FC2 /* BodyflexUITests */,
				64A432291FBD141A005D2FC2 /* Products */,
			);
			sourceTree = "<group>";
		};
		64A432291FBD141A005D2FC2 /* Products */ = {
			isa = PBXGroup;
			children = (
				64A432281FBD141A005D2FC2 /* Bodyflex.app */,
				64A4323C1FBD141B005D2FC2 /* BodyflexTests.xctest */,
				64A432471FBD141B005D2FC2 /* BodyflexUITests.xctest */,
			);
			name = Products;
			sourceTree = "<group>";
		};
		64A4322A1FBD141A005D2FC2 /* Bodyflex */ = {
			isa = PBXGroup;
			children = (
				64A4322B1FBD141A005D2FC2 /* AppDelegate.swift */,
				64A4322D1FBD141A005D2FC2 /* MeasureAngleViewController.swift */,
				64A432341FBD141A005D2FC2 /* LaunchScreen.storyboard */,
				64A4322F1FBD141A005D2FC2 /* Main.storyboard */,
				64613BFF1FC65CDE00362CBD /* SelectJointViewController.swift */,
				645C75661FD0814F00053C4F /* Model */,
				6426B9CA1FC602C800D81163 /* MeasurementCell.swift */,
				64A0BCB5201A48A700F63E3C /* JointCell.swift */,
				64A0BCB7201A4B0200F63E3C /* MotionCell.swift */,
				64A0BCB9201A4B4200F63E3C /* SideCell.swift */,
				64A01D131FFEA469007A6C58 /* MeasurementCollectionCell.swift */,
				64161F161FDB09A700DC25CF /* GestureScrollView.swift */,
				64A7FAD1201645AF00079646 /* AngleToolDrawing.swift */,
				64B5CBE22020DD0600DB848B /* AngleToolLabels.swift */,
				64161F121FD9A22800DC25CF /* AngleTool.swift */,
				64E626AF1FCDEB4F0068879F /* MotionPickerViewController.swift */,
				64E626AD1FCC75A20068879F /* JointPickerViewController.swift */,
				64923DA42019501B004E9A7E /* JointImages */,
				64A432321FBD141A005D2FC2 /* Assets.xcassets */,
				64A01D111FFEA162007A6C58 /* MeasurementCollectionViewController.swift */,
				64A432371FBD141A005D2FC2 /* Info.plist */,
				6426B9C21FC5F8EC00D81163 /* MeasurementTableViewController.swift */,
			);
			path = Bodyflex;
			sourceTree = "<group>";
		};
		64A4323F1FBD141B005D2FC2 /* BodyflexTests */ = {
			isa = PBXGroup;
			children = (
				64A432401FBD141B005D2FC2 /* BodyflexTests.swift */,
				64A432421FBD141B005D2FC2 /* Info.plist */,
			);
			path = BodyflexTests;
			sourceTree = "<group>";
		};
		64A4324A1FBD141B005D2FC2 /* BodyflexUITests */ = {
			isa = PBXGroup;
			children = (
				64A4324B1FBD141B005D2FC2 /* BodyflexUITests.swift */,
				64A4324D1FBD141B005D2FC2 /* Info.plist */,
			);
			path = BodyflexUITests;
			sourceTree = "<group>";
		};
/* End PBXGroup section */

/* Begin PBXNativeTarget section */
		64A432271FBD141A005D2FC2 /* Bodyflex */ = {
			isa = PBXNativeTarget;
			buildConfigurationList = 64A432501FBD141B005D2FC2 /* Build configuration list for PBXNativeTarget "Bodyflex" */;
			buildPhases = (
				64A432241FBD141A005D2FC2 /* Sources */,
				64A432251FBD141A005D2FC2 /* Frameworks */,
				64A432261FBD141A005D2FC2 /* Resources */,
			);
			buildRules = (
			);
			dependencies = (
			);
			name = Bodyflex;
			productName = Bodyflex;
			productReference = 64A432281FBD141A005D2FC2 /* Bodyflex.app */;
			productType = "com.apple.product-type.application";
		};
		64A4323B1FBD141B005D2FC2 /* BodyflexTests */ = {
			isa = PBXNativeTarget;
			buildConfigurationList = 64A432531FBD141B005D2FC2 /* Build configuration list for PBXNativeTarget "BodyflexTests" */;
			buildPhases = (
				64A432381FBD141B005D2FC2 /* Sources */,
				64A432391FBD141B005D2FC2 /* Frameworks */,
				64A4323A1FBD141B005D2FC2 /* Resources */,
			);
			buildRules = (
			);
			dependencies = (
				64A4323E1FBD141B005D2FC2 /* PBXTargetDependency */,
			);
			name = BodyflexTests;
			productName = BodyflexTests;
			productReference = 64A4323C1FBD141B005D2FC2 /* BodyflexTests.xctest */;
			productType = "com.apple.product-type.bundle.unit-test";
		};
		64A432461FBD141B005D2FC2 /* BodyflexUITests */ = {
			isa = PBXNativeTarget;
			buildConfigurationList = 64A432561FBD141B005D2FC2 /* Build configuration list for PBXNativeTarget "BodyflexUITests" */;
			buildPhases = (
				64A432431FBD141B005D2FC2 /* Sources */,
				64A432441FBD141B005D2FC2 /* Frameworks */,
				64A432451FBD141B005D2FC2 /* Resources */,
			);
			buildRules = (
			);
			dependencies = (
				64A432491FBD141B005D2FC2 /* PBXTargetDependency */,
			);
			name = BodyflexUITests;
			productName = BodyflexUITests;
			productReference = 64A432471FBD141B005D2FC2 /* BodyflexUITests.xctest */;
			productType = "com.apple.product-type.bundle.ui-testing";
		};
/* End PBXNativeTarget section */

/* Begin PBXProject section */
		64A432201FBD141A005D2FC2 /* Project object */ = {
			isa = PBXProject;
			attributes = {
				LastSwiftUpdateCheck = 0910;
				LastUpgradeCheck = 0910;
				ORGANIZATIONNAME = "Steven Gallagher";
				TargetAttributes = {
					64A432271FBD141A005D2FC2 = {
						CreatedOnToolsVersion = 9.1;
						ProvisioningStyle = Automatic;
					};
					64A4323B1FBD141B005D2FC2 = {
						CreatedOnToolsVersion = 9.1;
						ProvisioningStyle = Automatic;
						TestTargetID = 64A432271FBD141A005D2FC2;
					};
					64A432461FBD141B005D2FC2 = {
						CreatedOnToolsVersion = 9.1;
						ProvisioningStyle = Automatic;
						TestTargetID = 64A432271FBD141A005D2FC2;
					};
				};
			};
			buildConfigurationList = 64A432231FBD141A005D2FC2 /* Build configuration list for PBXProject "Bodyflex" */;
			compatibilityVersion = "Xcode 8.0";
			developmentRegion = en;
			hasScannedForEncodings = 0;
			knownRegions = (
				en,
				Base,
			);
			mainGroup = 64A4321F1FBD141A005D2FC2;
			productRefGroup = 64A432291FBD141A005D2FC2 /* Products */;
			projectDirPath = "";
			projectRoot = "";
			targets = (
				64A432271FBD141A005D2FC2 /* Bodyflex */,
				64A4323B1FBD141B005D2FC2 /* BodyflexTests */,
				64A432461FBD141B005D2FC2 /* BodyflexUITests */,
			);
		};
/* End PBXProject section */

/* Begin PBXResourcesBuildPhase section */
		64A432261FBD141A005D2FC2 /* Resources */ = {
			isa = PBXResourcesBuildPhase;
			buildActionMask = 2147483647;
			files = (
				64C064282026A3A100897EF1 /* Neck Head Forward.png in Resources */,
				64923DA820195061004E9A7E /* Ankle Raise Foot.png in Resources */,
				64B5CBEA202369D400DB848B /* Forearm Palm Up.png in Resources */,
				64A432361FBD141A005D2FC2 /* LaunchScreen.storyboard in Resources */,
				64B5CBED202369D400DB848B /* Wrist Hand Lowered.png in Resources */,
				64B5CBEC202369D400DB848B /* Hip Leg Out.png in Resources */,
				64B5CBE9202369D400DB848B /* Hip Leg In.png in Resources */,
				64C06421202687CE00897EF1 /* Shoulder Bent Arm Raise.png in Resources */,
				64C0642B20278AEF00897EF1 /* Wrist Hand In.png in Resources */,
				64B5CBEB202369D400DB848B /* Wrist Hand Raised.png in Resources */,
				64A432331FBD141A005D2FC2 /* Assets.xcassets in Resources */,
				64C064272026A3A100897EF1 /* Neck Head Back.png in Resources */,
				64923DA620195058004E9A7E /* Ankle Lower Foot.png in Resources */,
				64C06422202687CE00897EF1 /* Shoulder Bent Arm Lower.png in Resources */,
				64C06424202697AF00897EF1 /* Forearm Palm Down.png in Resources */,
				64C0642C20278AEF00897EF1 /* Wrist Hand Out.png in Resources */,
				64A432311FBD141A005D2FC2 /* Main.storyboard in Resources */,
			);
			runOnlyForDeploymentPostprocessing = 0;
		};
		64A4323A1FBD141B005D2FC2 /* Resources */ = {
			isa = PBXResourcesBuildPhase;
			buildActionMask = 2147483647;
			files = (
			);
			runOnlyForDeploymentPostprocessing = 0;
		};
		64A432451FBD141B005D2FC2 /* Resources */ = {
			isa = PBXResourcesBuildPhase;
			buildActionMask = 2147483647;
			files = (
			);
			runOnlyForDeploymentPostprocessing = 0;
		};
/* End PBXResourcesBuildPhase section */

/* Begin PBXSourcesBuildPhase section */
		64A432241FBD141A005D2FC2 /* Sources */ = {
			isa = PBXSourcesBuildPhase;
			buildActionMask = 2147483647;
			files = (
				64B58AE01FF0047000B64631 /* BodyJoints.swift in Sources */,
				64A4322E1FBD141A005D2FC2 /* MeasureAngleViewController.swift in Sources */,
				64E626B01FCDEB4F0068879F /* MotionPickerViewController.swift in Sources */,
				6426B9C31FC5F8EC00D81163 /* MeasurementTableViewController.swift in Sources */,
				6426B9CB1FC602C800D81163 /* MeasurementCell.swift in Sources */,
				64161F151FDA107800DC25CF /* Imaging.swift in Sources */,
				64A0BCBA201A4B4200F63E3C /* SideCell.swift in Sources */,
				64A01D161FFEF6CD007A6C58 /* Measurements.swift in Sources */,
				64A01D141FFEA469007A6C58 /* MeasurementCollectionCell.swift in Sources */,
				64E626AE1FCC75A20068879F /* JointPickerViewController.swift in Sources */,
				64A0BCB6201A48A700F63E3C /* JointCell.swift in Sources */,
				64613C001FC65CDE00362CBD /* SelectJointViewController.swift in Sources */,
				645C758D1FD1DAA800053C4F /* Bodyflex.xcdatamodeld in Sources */,
				64B5CBE32020DD0600DB848B /* AngleToolLabels.swift in Sources */,
				64161F131FD9A22800DC25CF /* AngleTool.swift in Sources */,
				64A4322C1FBD141A005D2FC2 /* AppDelegate.swift in Sources */,
				64A01D181FFEFB45007A6C58 /* PersistencyManager.swift in Sources */,
				64A01D121FFEA162007A6C58 /* MeasurementCollectionViewController.swift in Sources */,
				64A7FAD2201645AF00079646 /* AngleToolDrawing.swift in Sources */,
				64161F171FDB09A700DC25CF /* GestureScrollView.swift in Sources */,
				64A0BCB8201A4B0200F63E3C /* MotionCell.swift in Sources */,
			);
			runOnlyForDeploymentPostprocessing = 0;
		};
		64A432381FBD141B005D2FC2 /* Sources */ = {
			isa = PBXSourcesBuildPhase;
			buildActionMask = 2147483647;
			files = (
				64A432411FBD141B005D2FC2 /* BodyflexTests.swift in Sources */,
			);
			runOnlyForDeploymentPostprocessing = 0;
		};
		64A432431FBD141B005D2FC2 /* Sources */ = {
			isa = PBXSourcesBuildPhase;
			buildActionMask = 2147483647;
			files = (
				64A4324C1FBD141B005D2FC2 /* BodyflexUITests.swift in Sources */,
			);
			runOnlyForDeploymentPostprocessing = 0;
		};
/* End PBXSourcesBuildPhase section */

/* Begin PBXTargetDependency section */
		64A4323E1FBD141B005D2FC2 /* PBXTargetDependency */ = {
			isa = PBXTargetDependency;
			target = 64A432271FBD141A005D2FC2 /* Bodyflex */;
			targetProxy = 64A4323D1FBD141B005D2FC2 /* PBXContainerItemProxy */;
		};
		64A432491FBD141B005D2FC2 /* PBXTargetDependency */ = {
			isa = PBXTargetDependency;
			target = 64A432271FBD141A005D2FC2 /* Bodyflex */;
			targetProxy = 64A432481FBD141B005D2FC2 /* PBXContainerItemProxy */;
		};
/* End PBXTargetDependency section */

/* Begin PBXVariantGroup section */
		64A4322F1FBD141A005D2FC2 /* Main.storyboard */ = {
			isa = PBXVariantGroup;
			children = (
				64A432301FBD141A005D2FC2 /* Base */,
			);
			name = Main.storyboard;
			sourceTree = "<group>";
		};
		64A432341FBD141A005D2FC2 /* LaunchScreen.storyboard */ = {
			isa = PBXVariantGroup;
			children = (
				64A432351FBD141A005D2FC2 /* Base */,
			);
			name = LaunchScreen.storyboard;
			sourceTree = "<group>";
		};
/* End PBXVariantGroup section */

/* Begin XCBuildConfiguration section */
		64A4324E1FBD141B005D2FC2 /* Debug */ = {
			isa = XCBuildConfiguration;
			buildSettings = {
				ALWAYS_SEARCH_USER_PATHS = NO;
				CLANG_ANALYZER_NONNULL = YES;
				CLANG_ANALYZER_NUMBER_OBJECT_CONVERSION = YES_AGGRESSIVE;
				CLANG_CXX_LANGUAGE_STANDARD = "gnu++14";
				CLANG_CXX_LIBRARY = "libc++";
				CLANG_ENABLE_MODULES = YES;
				CLANG_ENABLE_OBJC_ARC = YES;
				CLANG_WARN_BLOCK_CAPTURE_AUTORELEASING = YES;
				CLANG_WARN_BOOL_CONVERSION = YES;
				CLANG_WARN_COMMA = YES;
				CLANG_WARN_CONSTANT_CONVERSION = YES;
				CLANG_WARN_DIRECT_OBJC_ISA_USAGE = YES_ERROR;
				CLANG_WARN_DOCUMENTATION_COMMENTS = YES;
				CLANG_WARN_EMPTY_BODY = YES;
				CLANG_WARN_ENUM_CONVERSION = YES;
				CLANG_WARN_INFINITE_RECURSION = YES;
				CLANG_WARN_INT_CONVERSION = YES;
				CLANG_WARN_NON_LITERAL_NULL_CONVERSION = YES;
				CLANG_WARN_OBJC_LITERAL_CONVERSION = YES;
				CLANG_WARN_OBJC_ROOT_CLASS = YES_ERROR;
				CLANG_WARN_RANGE_LOOP_ANALYSIS = YES;
				CLANG_WARN_STRICT_PROTOTYPES = YES;
				CLANG_WARN_SUSPICIOUS_MOVE = YES;
				CLANG_WARN_UNGUARDED_AVAILABILITY = YES_AGGRESSIVE;
				CLANG_WARN_UNREACHABLE_CODE = YES;
				CLANG_WARN__DUPLICATE_METHOD_MATCH = YES;
				CODE_SIGN_IDENTITY = "iPhone Developer";
				COPY_PHASE_STRIP = NO;
				DEBUG_INFORMATION_FORMAT = dwarf;
				ENABLE_STRICT_OBJC_MSGSEND = YES;
				ENABLE_TESTABILITY = YES;
				GCC_C_LANGUAGE_STANDARD = gnu11;
				GCC_DYNAMIC_NO_PIC = NO;
				GCC_NO_COMMON_BLOCKS = YES;
				GCC_OPTIMIZATION_LEVEL = 0;
				GCC_PREPROCESSOR_DEFINITIONS = (
					"DEBUG=1",
					"$(inherited)",
				);
				GCC_WARN_64_TO_32_BIT_CONVERSION = YES;
				GCC_WARN_ABOUT_RETURN_TYPE = YES_ERROR;
				GCC_WARN_UNDECLARED_SELECTOR = YES;
				GCC_WARN_UNINITIALIZED_AUTOS = YES_AGGRESSIVE;
				GCC_WARN_UNUSED_FUNCTION = YES;
				GCC_WARN_UNUSED_VARIABLE = YES;
				IPHONEOS_DEPLOYMENT_TARGET = 11.1;
				MTL_ENABLE_DEBUG_INFO = YES;
				ONLY_ACTIVE_ARCH = YES;
				SDKROOT = iphoneos;
				SWIFT_ACTIVE_COMPILATION_CONDITIONS = DEBUG;
				SWIFT_OPTIMIZATION_LEVEL = "-Onone";
			};
			name = Debug;
		};
		64A4324F1FBD141B005D2FC2 /* Release */ = {
			isa = XCBuildConfiguration;
			buildSettings = {
				ALWAYS_SEARCH_USER_PATHS = NO;
				CLANG_ANALYZER_NONNULL = YES;
				CLANG_ANALYZER_NUMBER_OBJECT_CONVERSION = YES_AGGRESSIVE;
				CLANG_CXX_LANGUAGE_STANDARD = "gnu++14";
				CLANG_CXX_LIBRARY = "libc++";
				CLANG_ENABLE_MODULES = YES;
				CLANG_ENABLE_OBJC_ARC = YES;
				CLANG_WARN_BLOCK_CAPTURE_AUTORELEASING = YES;
				CLANG_WARN_BOOL_CONVERSION = YES;
				CLANG_WARN_COMMA = YES;
				CLANG_WARN_CONSTANT_CONVERSION = YES;
				CLANG_WARN_DIRECT_OBJC_ISA_USAGE = YES_ERROR;
				CLANG_WARN_DOCUMENTATION_COMMENTS = YES;
				CLANG_WARN_EMPTY_BODY = YES;
				CLANG_WARN_ENUM_CONVERSION = YES;
				CLANG_WARN_INFINITE_RECURSION = YES;
				CLANG_WARN_INT_CONVERSION = YES;
				CLANG_WARN_NON_LITERAL_NULL_CONVERSION = YES;
				CLANG_WARN_OBJC_LITERAL_CONVERSION = YES;
				CLANG_WARN_OBJC_ROOT_CLASS = YES_ERROR;
				CLANG_WARN_RANGE_LOOP_ANALYSIS = YES;
				CLANG_WARN_STRICT_PROTOTYPES = YES;
				CLANG_WARN_SUSPICIOUS_MOVE = YES;
				CLANG_WARN_UNGUARDED_AVAILABILITY = YES_AGGRESSIVE;
				CLANG_WARN_UNREACHABLE_CODE = YES;
				CLANG_WARN__DUPLICATE_METHOD_MATCH = YES;
				CODE_SIGN_IDENTITY = "iPhone Developer";
				COPY_PHASE_STRIP = NO;
				DEBUG_INFORMATION_FORMAT = "dwarf-with-dsym";
				ENABLE_NS_ASSERTIONS = NO;
				ENABLE_STRICT_OBJC_MSGSEND = YES;
				GCC_C_LANGUAGE_STANDARD = gnu11;
				GCC_NO_COMMON_BLOCKS = YES;
				GCC_WARN_64_TO_32_BIT_CONVERSION = YES;
				GCC_WARN_ABOUT_RETURN_TYPE = YES_ERROR;
				GCC_WARN_UNDECLARED_SELECTOR = YES;
				GCC_WARN_UNINITIALIZED_AUTOS = YES_AGGRESSIVE;
				GCC_WARN_UNUSED_FUNCTION = YES;
				GCC_WARN_UNUSED_VARIABLE = YES;
				IPHONEOS_DEPLOYMENT_TARGET = 11.1;
				MTL_ENABLE_DEBUG_INFO = NO;
				SDKROOT = iphoneos;
				SWIFT_OPTIMIZATION_LEVEL = "-Owholemodule";
				VALIDATE_PRODUCT = YES;
			};
			name = Release;
		};
		64A432511FBD141B005D2FC2 /* Debug */ = {
			isa = XCBuildConfiguration;
			buildSettings = {
				ASSETCATALOG_COMPILER_APPICON_NAME = AppIcon;
				CODE_SIGN_STYLE = Automatic;
				DEVELOPMENT_TEAM = 8Y2D7MHM3J;
				INFOPLIST_FILE = Bodyflex/Info.plist;
				IPHONEOS_DEPLOYMENT_TARGET = 11.2;
				LD_RUNPATH_SEARCH_PATHS = "$(inherited) @executable_path/Frameworks";
				PRODUCT_BUNDLE_IDENTIFIER = com.hanako.bodyflex;
				PRODUCT_NAME = "$(TARGET_NAME)";
				SWIFT_VERSION = 4.0;
				TARGETED_DEVICE_FAMILY = "1,2";
			};
			name = Debug;
		};
		64A432521FBD141B005D2FC2 /* Release */ = {
			isa = XCBuildConfiguration;
			buildSettings = {
				ASSETCATALOG_COMPILER_APPICON_NAME = AppIcon;
				CODE_SIGN_STYLE = Automatic;
				DEVELOPMENT_TEAM = 8Y2D7MHM3J;
				INFOPLIST_FILE = Bodyflex/Info.plist;
				IPHONEOS_DEPLOYMENT_TARGET = 11.2;
				LD_RUNPATH_SEARCH_PATHS = "$(inherited) @executable_path/Frameworks";
				PRODUCT_BUNDLE_IDENTIFIER = com.hanako.bodyflex;
				PRODUCT_NAME = "$(TARGET_NAME)";
				SWIFT_VERSION = 4.0;
				TARGETED_DEVICE_FAMILY = "1,2";
			};
			name = Release;
		};
		64A432541FBD141B005D2FC2 /* Debug */ = {
			isa = XCBuildConfiguration;
			buildSettings = {
				ALWAYS_EMBED_SWIFT_STANDARD_LIBRARIES = YES;
				BUNDLE_LOADER = "$(TEST_HOST)";
				CODE_SIGN_STYLE = Automatic;
				INFOPLIST_FILE = BodyflexTests/Info.plist;
				LD_RUNPATH_SEARCH_PATHS = "$(inherited) @executable_path/Frameworks @loader_path/Frameworks";
				PRODUCT_BUNDLE_IDENTIFIER = com.hanako.BodyflexTests;
				PRODUCT_NAME = "$(TARGET_NAME)";
				SWIFT_VERSION = 4.0;
				TARGETED_DEVICE_FAMILY = "1,2";
				TEST_HOST = "$(BUILT_PRODUCTS_DIR)/Bodyflex.temp_caseinsensitive_rename.app/Bodyflex.temp_caseinsensitive_rename";
			};
			name = Debug;
		};
		64A432551FBD141B005D2FC2 /* Release */ = {
			isa = XCBuildConfiguration;
			buildSettings = {
				ALWAYS_EMBED_SWIFT_STANDARD_LIBRARIES = YES;
				BUNDLE_LOADER = "$(TEST_HOST)";
				CODE_SIGN_STYLE = Automatic;
				INFOPLIST_FILE = BodyflexTests/Info.plist;
				LD_RUNPATH_SEARCH_PATHS = "$(inherited) @executable_path/Frameworks @loader_path/Frameworks";
				PRODUCT_BUNDLE_IDENTIFIER = com.hanako.BodyflexTests;
				PRODUCT_NAME = "$(TARGET_NAME)";
				SWIFT_VERSION = 4.0;
				TARGETED_DEVICE_FAMILY = "1,2";
				TEST_HOST = "$(BUILT_PRODUCTS_DIR)/Bodyflex.temp_caseinsensitive_rename.app/Bodyflex.temp_caseinsensitive_rename";
			};
			name = Release;
		};
		64A432571FBD141B005D2FC2 /* Debug */ = {
			isa = XCBuildConfiguration;
			buildSettings = {
				ALWAYS_EMBED_SWIFT_STANDARD_LIBRARIES = YES;
				CODE_SIGN_STYLE = Automatic;
				INFOPLIST_FILE = BodyflexUITests/Info.plist;
				LD_RUNPATH_SEARCH_PATHS = "$(inherited) @executable_path/Frameworks @loader_path/Frameworks";
				PRODUCT_BUNDLE_IDENTIFIER = com.hanako.BodyflexUITests;
				PRODUCT_NAME = "$(TARGET_NAME)";
				SWIFT_VERSION = 4.0;
				TARGETED_DEVICE_FAMILY = "1,2";
				TEST_TARGET_NAME = Bodyflex;
			};
			name = Debug;
		};
		64A432581FBD141B005D2FC2 /* Release */ = {
			isa = XCBuildConfiguration;
			buildSettings = {
				ALWAYS_EMBED_SWIFT_STANDARD_LIBRARIES = YES;
				CODE_SIGN_STYLE = Automatic;
				INFOPLIST_FILE = BodyflexUITests/Info.plist;
				LD_RUNPATH_SEARCH_PATHS = "$(inherited) @executable_path/Frameworks @loader_path/Frameworks";
				PRODUCT_BUNDLE_IDENTIFIER = com.hanako.BodyflexUITests;
				PRODUCT_NAME = "$(TARGET_NAME)";
				SWIFT_VERSION = 4.0;
				TARGETED_DEVICE_FAMILY = "1,2";
				TEST_TARGET_NAME = Bodyflex;
			};
			name = Release;
		};
/* End XCBuildConfiguration section */

/* Begin XCConfigurationList section */
		64A432231FBD141A005D2FC2 /* Build configuration list for PBXProject "Bodyflex" */ = {
			isa = XCConfigurationList;
			buildConfigurations = (
				64A4324E1FBD141B005D2FC2 /* Debug */,
				64A4324F1FBD141B005D2FC2 /* Release */,
			);
			defaultConfigurationIsVisible = 0;
			defaultConfigurationName = Release;
		};
		64A432501FBD141B005D2FC2 /* Build configuration list for PBXNativeTarget "Bodyflex" */ = {
			isa = XCConfigurationList;
			buildConfigurations = (
				64A432511FBD141B005D2FC2 /* Debug */,
				64A432521FBD141B005D2FC2 /* Release */,
			);
			defaultConfigurationIsVisible = 0;
			defaultConfigurationName = Release;
		};
		64A432531FBD141B005D2FC2 /* Build configuration list for PBXNativeTarget "BodyflexTests" */ = {
			isa = XCConfigurationList;
			buildConfigurations = (
				64A432541FBD141B005D2FC2 /* Debug */,
				64A432551FBD141B005D2FC2 /* Release */,
			);
			defaultConfigurationIsVisible = 0;
			defaultConfigurationName = Release;
		};
		64A432561FBD141B005D2FC2 /* Build configuration list for PBXNativeTarget "BodyflexUITests" */ = {
			isa = XCConfigurationList;
			buildConfigurations = (
				64A432571FBD141B005D2FC2 /* Debug */,
				64A432581FBD141B005D2FC2 /* Release */,
			);
			defaultConfigurationIsVisible = 0;
			defaultConfigurationName = Release;
		};
/* End XCConfigurationList section */

/* Begin XCVersionGroup section */
		645C758B1FD1DAA800053C4F /* Bodyflex.xcdatamodeld */ = {
			isa = XCVersionGroup;
			children = (
				645C758C1FD1DAA800053C4F /* Bodyflex.xcdatamodel */,
			);
			currentVersion = 645C758C1FD1DAA800053C4F /* Bodyflex.xcdatamodel */;
			path = Bodyflex.xcdatamodeld;
			sourceTree = "<group>";
			versionGroupType = wrapper.xcdatamodel;
		};
/* End XCVersionGroup section */
	};
	rootObject = 64A432201FBD141A005D2FC2 /* Project object */;
}
